Microsoft Visual Studio Solution File, Format Version 12.00
# Visual Studio 2012
Project("{8BC9CEB8-8B4A-11D0-8D11-00A0C91BC942}") = "FlockEvo", "FlockEvo.vcxproj", "{9E9AC4F9-CC7A-4547-9AA7-ED2FEAF0F708}"
EndProject
Global
	GlobalSection(SolutionConfigurationPlatforms) = preSolution
		Debug|Win32 = Debug|Win32
		Release|Win32 = Release|Win32
	EndGlobalSection
	GlobalSection(ProjectConfigurationPlatforms) = postSolution
		{9E9AC4F9-CC7A-4547-9AA7-ED2FEAF0F708}.Debug|Win32.ActiveCfg = Debug|Win32
		{9E9AC4F9-CC7A-4547-9AA7-ED2FEAF0F708}.Debug|Win32.Build.0 = Debug|Win32
		{9E9AC4F9-CC7A-4547-9AA7-ED2FEAF0F708}.Release|Win32.ActiveCfg = Release|Win32
		{9E9AC4F9-CC7A-4547-9AA7-ED2FEAF0F708}.Release|Win32.Build.0 = Release|Win32
	EndGlobalSection
	GlobalSection(SolutionProperties) = preSolution
		HideSolutionNode = FALSE
	EndGlobalSection
EndGlobal
